
Microsoft Visual Studio Solution File, Format Version 12.00
# Visual Studio Version 18
VisualStudioVersion = 18.1.11312.151
MinimumVisualStudioVersion = 10.0.40219.1
Project("{2150E333-8FDC-42A3-9474-1A3956D46DE8}") = "backend", "backend", "{1AE8ACA6-933B-BF2A-3671-3E2EAC007D16}"
EndProject
Project("{FAE04EC0-301F-11D3-BF4B-00C04F79EFBC}") = "StocksApi", "backend\StocksApi\StocksApi.csproj", "{2BDB103F-B197-4AFE-B43C-7E8E3F81A51C}"
EndProject
Project("{2150E333-8FDC-42A3-9474-1A3956D46DE8}") = "Solution Items", "Solution Items", "{04CA87CA-D9DC-44F3-ACE4-6711D8A67154}"
	ProjectSection(SolutionItems) = preProject
		README.md = README.md
	EndProjectSection
EndProject
Project("{54A90642-561A-4BB1-A94E-469ADEE60C69}") = "StocksSite", "frontend\StocksSite.esproj", "{462EE049-9FE1-B47D-1B3E-22BACA5D9185}"
	ProjectSection(ProjectDependencies) = postProject
		{2BDB103F-B197-4AFE-B43C-7E8E3F81A51C} = {2BDB103F-B197-4AFE-B43C-7E8E3F81A51C}
	EndProjectSection
EndProject
Project("{2150E333-8FDC-42A3-9474-1A3956D46DE8}") = "frontend", "frontend", "{8B1FD096-FC38-4F70-95AF-DF0A8A768E7C}"
EndProject
Project("{E53339B2-1760-4266-BCC7-CA923CBCF16C}") = "docker-compose", "docker-compose.dcproj", "{81DDED9D-158B-E303-5F62-77A2896D2A5A}"
EndProject
Project("{FAE04EC0-301F-11D3-BF4B-00C04F79EFBC}") = "StocksApi.IntegrationTests", "backend\StocksApi.IntegrationTests\StocksApi.IntegrationTests.csproj", "{5EEDA76F-05FF-B377-0DF2-9145671AAD16}"
EndProject
Project("{FAE04EC0-301F-11D3-BF4B-00C04F79EFBC}") = "StocksApi.Tests", "backend\StocksApi.Tests\StocksApi.Tests.csproj", "{A526FACD-6008-D7B7-1E82-017B7DBF2818}"
EndProject
Project("{2150E333-8FDC-42A3-9474-1A3956D46DE8}") = ".github", ".github", "{DD366944-DE44-4E0A-87B0-E90382BEDA8C}"
	ProjectSection(SolutionItems) = preProject
		.github\copilot-instructions.md = .github\copilot-instructions.md
	EndProjectSection
EndProject
Project("{2150E333-8FDC-42A3-9474-1A3956D46DE8}") = "workflows", "workflows", "{0435BBDF-9965-4CBF-ABEA-8FDFD1CFE7C2}"
	ProjectSection(SolutionItems) = preProject
		.github\workflows\deploy-azure.yml = .github\workflows\deploy-azure.yml
	EndProjectSection
EndProject
Project("{2150E333-8FDC-42A3-9474-1A3956D46DE8}") = ".husky", ".husky", "{7D9FF8A5-545F-49C3-AE89-D04DEB2AAFF7}"
	ProjectSection(SolutionItems) = preProject
		.husky\pre-commit = .husky\pre-commit
		.husky\pre-push = .husky\pre-push
	EndProjectSection
EndProject
Project("{2150E333-8FDC-42A3-9474-1A3956D46DE8}") = "infra", "infra", "{6996E75D-DEF2-497A-8A2C-82FF9B2ACF50}"
	ProjectSection(SolutionItems) = preProject
		infra\main.bicep = infra\main.bicep
		infra\README.md = infra\README.md
	EndProjectSection
EndProject
Project("{2150E333-8FDC-42A3-9474-1A3956D46DE8}") = "Test", "Test", "{8EED1C39-103F-4BE8-AE4B-CFBFF7D144C5}"
EndProject
Project("{2150E333-8FDC-42A3-9474-1A3956D46DE8}") = "frontend-next", "frontend-next", "{9EDAED77-9240-4CCB-B265-9593093D4B16}"
EndProject
Project("{54A90642-561A-4BB1-A94E-469ADEE60C69}") = "StockSiteNext", "frontend-next\StockSiteNext.esproj", "{5BAE7C23-BD3B-C867-7593-C2539083A06A}"
EndProject
Global
	GlobalSection(SolutionConfigurationPlatforms) = preSolution
		Debug|Any CPU = Debug|Any CPU
		Debug|x64 = Debug|x64
		Debug|x86 = Debug|x86
		Release|Any CPU = Release|Any CPU
		Release|x64 = Release|x64
		Release|x86 = Release|x86
	EndGlobalSection
	GlobalSection(ProjectConfigurationPlatforms) = postSolution
		{2BDB103F-B197-4AFE-B43C-7E8E3F81A51C}.Debug|Any CPU.ActiveCfg = Debug|Any CPU
		{2BDB103F-B197-4AFE-B43C-7E8E3F81A51C}.Debug|Any CPU.Build.0 = Debug|Any CPU
		{2BDB103F-B197-4AFE-B43C-7E8E3F81A51C}.Debug|x64.ActiveCfg = Debug|Any CPU
		{2BDB103F-B197-4AFE-B43C-7E8E3F81A51C}.Debug|x64.Build.0 = Debug|Any CPU
		{2BDB103F-B197-4AFE-B43C-7E8E3F81A51C}.Debug|x86.ActiveCfg = Debug|Any CPU
		{2BDB103F-B197-4AFE-B43C-7E8E3F81A51C}.Debug|x86.Build.0 = Debug|Any CPU
		{2BDB103F-B197-4AFE-B43C-7E8E3F81A51C}.Release|Any CPU.ActiveCfg = Release|Any CPU
		{2BDB103F-B197-4AFE-B43C-7E8E3F81A51C}.Release|Any CPU.Build.0 = Release|Any CPU
		{2BDB103F-B197-4AFE-B43C-7E8E3F81A51C}.Release|x64.ActiveCfg = Release|Any CPU
		{2BDB103F-B197-4AFE-B43C-7E8E3F81A51C}.Release|x64.Build.0 = Release|Any CPU
		{2BDB103F-B197-4AFE-B43C-7E8E3F81A51C}.Release|x86.ActiveCfg = Release|Any CPU
		{2BDB103F-B197-4AFE-B43C-7E8E3F81A51C}.Release|x86.Build.0 = Release|Any CPU
		{462EE049-9FE1-B47D-1B3E-22BACA5D9185}.Debug|Any CPU.ActiveCfg = Debug|Any CPU
		{462EE049-9FE1-B47D-1B3E-22BACA5D9185}.Debug|Any CPU.Build.0 = Debug|Any CPU
		{462EE049-9FE1-B47D-1B3E-22BACA5D9185}.Debug|Any CPU.Deploy.0 = Debug|Any CPU
		{462EE049-9FE1-B47D-1B3E-22BACA5D9185}.Debug|x64.ActiveCfg = Debug|Any CPU
		{462EE049-9FE1-B47D-1B3E-22BACA5D9185}.Debug|x64.Build.0 = Debug|Any CPU
		{462EE049-9FE1-B47D-1B3E-22BACA5D9185}.Debug|x64.Deploy.0 = Debug|Any CPU
		{462EE049-9FE1-B47D-1B3E-22BACA5D9185}.Debug|x86.ActiveCfg = Debug|Any CPU
		{462EE049-9FE1-B47D-1B3E-22BACA5D9185}.Debug|x86.Build.0 = Debug|Any CPU
		{462EE049-9FE1-B47D-1B3E-22BACA5D9185}.Debug|x86.Deploy.0 = Debug|Any CPU
		{462EE049-9FE1-B47D-1B3E-22BACA5D9185}.Release|Any CPU.ActiveCfg = Release|Any CPU
		{462EE049-9FE1-B47D-1B3E-22BACA5D9185}.Release|Any CPU.Build.0 = Release|Any CPU
		{462EE049-9FE1-B47D-1B3E-22BACA5D9185}.Release|Any CPU.Deploy.0 = Release|Any CPU
		{462EE049-9FE1-B47D-1B3E-22BACA5D9185}.Release|x64.ActiveCfg = Release|Any CPU
		{462EE049-9FE1-B47D-1B3E-22BACA5D9185}.Release|x64.Build.0 = Release|Any CPU
		{462EE049-9FE1-B47D-1B3E-22BACA5D9185}.Release|x64.Deploy.0 = Release|Any CPU
		{462EE049-9FE1-B47D-1B3E-22BACA5D9185}.Release|x86.ActiveCfg = Release|Any CPU
		{462EE049-9FE1-B47D-1B3E-22BACA5D9185}.Release|x86.Build.0 = Release|Any CPU
		{462EE049-9FE1-B47D-1B3E-22BACA5D9185}.Release|x86.Deploy.0 = Release|Any CPU
		{81DDED9D-158B-E303-5F62-77A2896D2A5A}.Debug|Any CPU.ActiveCfg = Debug|Any CPU
		{81DDED9D-158B-E303-5F62-77A2896D2A5A}.Debug|Any CPU.Build.0 = Debug|Any CPU
		{81DDED9D-158B-E303-5F62-77A2896D2A5A}.Debug|x64.ActiveCfg = Debug|Any CPU
		{81DDED9D-158B-E303-5F62-77A2896D2A5A}.Debug|x64.Build.0 = Debug|Any CPU
		{81DDED9D-158B-E303-5F62-77A2896D2A5A}.Debug|x86.ActiveCfg = Debug|Any CPU
		{81DDED9D-158B-E303-5F62-77A2896D2A5A}.Debug|x86.Build.0 = Debug|Any CPU
		{81DDED9D-158B-E303-5F62-77A2896D2A5A}.Release|Any CPU.ActiveCfg = Release|Any CPU
		{81DDED9D-158B-E303-5F62-77A2896D2A5A}.Release|Any CPU.Build.0 = Release|Any CPU
		{81DDED9D-158B-E303-5F62-77A2896D2A5A}.Release|x64.ActiveCfg = Release|Any CPU
		{81DDED9D-158B-E303-5F62-77A2896D2A5A}.Release|x64.Build.0 = Release|Any CPU
		{81DDED9D-158B-E303-5F62-77A2896D2A5A}.Release|x86.ActiveCfg = Release|Any CPU
		{81DDED9D-158B-E303-5F62-77A2896D2A5A}.Release|x86.Build.0 = Release|Any CPU
		{5EEDA76F-05FF-B377-0DF2-9145671AAD16}.Debug|Any CPU.ActiveCfg = Debug|Any CPU
		{5EEDA76F-05FF-B377-0DF2-9145671AAD16}.Debug|Any CPU.Build.0 = Debug|Any CPU
		{5EEDA76F-05FF-B377-0DF2-9145671AAD16}.Debug|x64.ActiveCfg = Debug|Any CPU
		{5EEDA76F-05FF-B377-0DF2-9145671AAD16}.Debug|x64.Build.0 = Debug|Any CPU
		{5EEDA76F-05FF-B377-0DF2-9145671AAD16}.Debug|x86.ActiveCfg = Debug|Any CPU
		{5EEDA76F-05FF-B377-0DF2-9145671AAD16}.Debug|x86.Build.0 = Debug|Any CPU
		{5EEDA76F-05FF-B377-0DF2-9145671AAD16}.Release|Any CPU.ActiveCfg = Release|Any CPU
		{5EEDA76F-05FF-B377-0DF2-9145671AAD16}.Release|Any CPU.Build.0 = Release|Any CPU
		{5EEDA76F-05FF-B377-0DF2-9145671AAD16}.Release|x64.ActiveCfg = Release|Any CPU
		{5EEDA76F-05FF-B377-0DF2-9145671AAD16}.Release|x64.Build.0 = Release|Any CPU
		{5EEDA76F-05FF-B377-0DF2-9145671AAD16}.Release|x86.ActiveCfg = Release|Any CPU
		{5EEDA76F-05FF-B377-0DF2-9145671AAD16}.Release|x86.Build.0 = Release|Any CPU
		{A526FACD-6008-D7B7-1E82-017B7DBF2818}.Debug|Any CPU.ActiveCfg = Debug|Any CPU
		{A526FACD-6008-D7B7-1E82-017B7DBF2818}.Debug|Any CPU.Build.0 = Debug|Any CPU
		{A526FACD-6008-D7B7-1E82-017B7DBF2818}.Debug|x64.ActiveCfg = Debug|Any CPU
		{A526FACD-6008-D7B7-1E82-017B7DBF2818}.Debug|x64.Build.0 = Debug|Any CPU
		{A526FACD-6008-D7B7-1E82-017B7DBF2818}.Debug|x86.ActiveCfg = Debug|Any CPU
		{A526FACD-6008-D7B7-1E82-017B7DBF2818}.Debug|x86.Build.0 = Debug|Any CPU
		{A526FACD-6008-D7B7-1E82-017B7DBF2818}.Release|Any CPU.ActiveCfg = Release|Any CPU
		{A526FACD-6008-D7B7-1E82-017B7DBF2818}.Release|Any CPU.Build.0 = Release|Any CPU
		{A526FACD-6008-D7B7-1E82-017B7DBF2818}.Release|x64.ActiveCfg = Release|Any CPU
		{A526FACD-6008-D7B7-1E82-017B7DBF2818}.Release|x64.Build.0 = Release|Any CPU
		{A526FACD-6008-D7B7-1E82-017B7DBF2818}.Release|x86.ActiveCfg = Release|Any CPU
		{A526FACD-6008-D7B7-1E82-017B7DBF2818}.Release|x86.Build.0 = Release|Any CPU
		{5BAE7C23-BD3B-C867-7593-C2539083A06A}.Debug|Any CPU.ActiveCfg = Debug|Any CPU
		{5BAE7C23-BD3B-C867-7593-C2539083A06A}.Debug|Any CPU.Build.0 = Debug|Any CPU
		{5BAE7C23-BD3B-C867-7593-C2539083A06A}.Debug|Any CPU.Deploy.0 = Debug|Any CPU
		{5BAE7C23-BD3B-C867-7593-C2539083A06A}.Debug|x64.ActiveCfg = Debug|Any CPU
		{5BAE7C23-BD3B-C867-7593-C2539083A06A}.Debug|x64.Build.0 = Debug|Any CPU
		{5BAE7C23-BD3B-C867-7593-C2539083A06A}.Debug|x64.Deploy.0 = Debug|Any CPU
		{5BAE7C23-BD3B-C867-7593-C2539083A06A}.Debug|x86.ActiveCfg = Debug|Any CPU
		{5BAE7C23-BD3B-C867-7593-C2539083A06A}.Debug|x86.Build.0 = Debug|Any CPU
		{5BAE7C23-BD3B-C867-7593-C2539083A06A}.Debug|x86.Deploy.0 = Debug|Any CPU
		{5BAE7C23-BD3B-C867-7593-C2539083A06A}.Release|Any CPU.ActiveCfg = Release|Any CPU
		{5BAE7C23-BD3B-C867-7593-C2539083A06A}.Release|Any CPU.Build.0 = Release|Any CPU
		{5BAE7C23-BD3B-C867-7593-C2539083A06A}.Release|Any CPU.Deploy.0 = Release|Any CPU
		{5BAE7C23-BD3B-C867-7593-C2539083A06A}.Release|x64.ActiveCfg = Release|Any CPU
		{5BAE7C23-BD3B-C867-7593-C2539083A06A}.Release|x64.Build.0 = Release|Any CPU
		{5BAE7C23-BD3B-C867-7593-C2539083A06A}.Release|x64.Deploy.0 = Release|Any CPU
		{5BAE7C23-BD3B-C867-7593-C2539083A06A}.Release|x86.ActiveCfg = Release|Any CPU
		{5BAE7C23-BD3B-C867-7593-C2539083A06A}.Release|x86.Build.0 = Release|Any CPU
		{5BAE7C23-BD3B-C867-7593-C2539083A06A}.Release|x86.Deploy.0 = Release|Any CPU
	EndGlobalSection
	GlobalSection(SolutionProperties) = preSolution
		HideSolutionNode = FALSE
	EndGlobalSection
	GlobalSection(NestedProjects) = preSolution
		{2BDB103F-B197-4AFE-B43C-7E8E3F81A51C} = {1AE8ACA6-933B-BF2A-3671-3E2EAC007D16}
		{462EE049-9FE1-B47D-1B3E-22BACA5D9185} = {8B1FD096-FC38-4F70-95AF-DF0A8A768E7C}
		{5EEDA76F-05FF-B377-0DF2-9145671AAD16} = {8EED1C39-103F-4BE8-AE4B-CFBFF7D144C5}
		{A526FACD-6008-D7B7-1E82-017B7DBF2818} = {8EED1C39-103F-4BE8-AE4B-CFBFF7D144C5}
		{DD366944-DE44-4E0A-87B0-E90382BEDA8C} = {04CA87CA-D9DC-44F3-ACE4-6711D8A67154}
		{0435BBDF-9965-4CBF-ABEA-8FDFD1CFE7C2} = {DD366944-DE44-4E0A-87B0-E90382BEDA8C}
		{7D9FF8A5-545F-49C3-AE89-D04DEB2AAFF7} = {04CA87CA-D9DC-44F3-ACE4-6711D8A67154}
		{6996E75D-DEF2-497A-8A2C-82FF9B2ACF50} = {04CA87CA-D9DC-44F3-ACE4-6711D8A67154}
		{8EED1C39-103F-4BE8-AE4B-CFBFF7D144C5} = {1AE8ACA6-933B-BF2A-3671-3E2EAC007D16}
		{5BAE7C23-BD3B-C867-7593-C2539083A06A} = {9EDAED77-9240-4CCB-B265-9593093D4B16}
	EndGlobalSection
	GlobalSection(ExtensibilityGlobals) = postSolution
		SolutionGuid = {F0B658A1-6F34-44F9-92C3-0C4F98DC7B94}
	EndGlobalSection
EndGlobal
